
Microsoft Visual Studio Solution File, Format Version 12.00
# Visual Studio Version 17
VisualStudioVersion = 17.6.33723.286
MinimumVisualStudioVersion = 10.0.40219.1
Project("{FAE04EC0-301F-11D3-BF4B-00C04F79EFBC}") = "ValidaCPF", "ValidaCPF\ValidaCPF.csproj", "{BACCC812-7C3A-4187-B74C-3E16C4582F20}"
EndProject
Global
	GlobalSection(SolutionConfigurationPlatforms) = preSolution
		Debug|Any CPU = Debug|Any CPU
		Release|Any CPU = Release|Any CPU
	EndGlobalSection
	GlobalSection(ProjectConfigurationPlatforms) = postSolution
		{BACCC812-7C3A-4187-B74C-3E16C4582F20}.Debug|Any CPU.ActiveCfg = Debug|Any CPU
		{BACCC812-7C3A-4187-B74C-3E16C4582F20}.Debug|Any CPU.Build.0 = Debug|Any CPU
		{BACCC812-7C3A-4187-B74C-3E16C4582F20}.Release|Any CPU.ActiveCfg = Release|Any CPU
		{BACCC812-7C3A-4187-B74C-3E16C4582F20}.Release|Any CPU.Build.0 = Release|Any CPU
	EndGlobalSection
	GlobalSection(SolutionProperties) = preSolution
		HideSolutionNode = FALSE
	EndGlobalSection
	GlobalSection(ExtensibilityGlobals) = postSolution
		SolutionGuid = {FDF855BA-9BF7-43CF-B6F2-CDD2A37A5018}
	EndGlobalSection
EndGlobal
